
Microsoft Visual Studio Solution File, Format Version 12.00
# Visual Studio Version 17
VisualStudioVersion = 17.10.35004.147
MinimumVisualStudioVersion = 10.0.40219.1
Project("{FAE04EC0-301F-11D3-BF4B-00C04F79EFBC}") = "WebApplicationAPIMap_AMGD", "WebApplicationAPIMap_AMGD.csproj", "{72E06597-95FA-4D2D-B766-79A7BA395CDB}"
EndProject
Global
	GlobalSection(SolutionConfigurationPlatforms) = preSolution
		Debug|Any CPU = Debug|Any CPU
		Release|Any CPU = Release|Any CPU
	EndGlobalSection
	GlobalSection(ProjectConfigurationPlatforms) = postSolution
		{72E06597-95FA-4D2D-B766-79A7BA395CDB}.Debug|Any CPU.ActiveCfg = Debug|Any CPU
		{72E06597-95FA-4D2D-B766-79A7BA395CDB}.Debug|Any CPU.Build.0 = Debug|Any CPU
		{72E06597-95FA-4D2D-B766-79A7BA395CDB}.Release|Any CPU.ActiveCfg = Release|Any CPU
		{72E06597-95FA-4D2D-B766-79A7BA395CDB}.Release|Any CPU.Build.0 = Release|Any CPU
	EndGlobalSection
	GlobalSection(SolutionProperties) = preSolution
		HideSolutionNode = FALSE
	EndGlobalSection
	GlobalSection(ExtensibilityGlobals) = postSolution
		SolutionGuid = {907DFE98-4527-4566-A0C3-8E21E429EBA5}
	EndGlobalSection
EndGlobal
